
Microsoft Visual Studio Solution File, Format Version 12.00
# Visual Studio Version 16
VisualStudioVersion = 16.0.31702.278
MinimumVisualStudioVersion = 10.0.40219.1
Project("{FAE04EC0-301F-11D3-BF4B-00C04F79EFBC}") = "CalculoQuadrado", "CalculoQuadrado\CalculoQuadrado.csproj", "{C6B98524-C380-4344-B9B6-D6DFDA06290A}"
EndProject
Global
	GlobalSection(SolutionConfigurationPlatforms) = preSolution
		Debug|Any CPU = Debug|Any CPU
		Release|Any CPU = Release|Any CPU
	EndGlobalSection
	GlobalSection(ProjectConfigurationPlatforms) = postSolution
		{C6B98524-C380-4344-B9B6-D6DFDA06290A}.Debug|Any CPU.ActiveCfg = Debug|Any CPU
		{C6B98524-C380-4344-B9B6-D6DFDA06290A}.Debug|Any CPU.Build.0 = Debug|Any CPU
		{C6B98524-C380-4344-B9B6-D6DFDA06290A}.Release|Any CPU.ActiveCfg = Release|Any CPU
		{C6B98524-C380-4344-B9B6-D6DFDA06290A}.Release|Any CPU.Build.0 = Release|Any CPU
	EndGlobalSection
	GlobalSection(SolutionProperties) = preSolution
		HideSolutionNode = FALSE
	EndGlobalSection
	GlobalSection(ExtensibilityGlobals) = postSolution
		SolutionGuid = {CD91D37B-BD40-4952-9494-12C8BE3FFF6C}
	EndGlobalSection
EndGlobal
